
Microsoft Visual Studio Solution File, Format Version 12.00
# Visual Studio Version 16
VisualStudioVersion = 16.0.31025.194
MinimumVisualStudioVersion = 10.0.40219.1
Project("{FAE04EC0-301F-11D3-BF4B-00C04F79EFBC}") = "Payroll.Android", "Payroll\Payroll.Android\Payroll.Android.csproj", "{03CB4422-A5BC-4E9B-8451-C9761A6EC679}"
EndProject
Project("{FAE04EC0-301F-11D3-BF4B-00C04F79EFBC}") = "Payroll.iOS", "Payroll\Payroll.iOS\Payroll.iOS.csproj", "{3B356A7F-F0FB-4F84-A5D8-B5A7F577237F}"
EndProject
Project("{FAE04EC0-301F-11D3-BF4B-00C04F79EFBC}") = "Payroll", "Payroll\Payroll\Payroll.csproj", "{D0A7D0C4-C00D-4AAE-9C2D-C93EFF0C5F06}"
EndProject
Global
	GlobalSection(SolutionConfigurationPlatforms) = preSolution
		Debug|Any CPU = Debug|Any CPU
		Debug|iPhone = Debug|iPhone
		Debug|iPhoneSimulator = Debug|iPhoneSimulator
		Release|Any CPU = Release|Any CPU
		Release|iPhone = Release|iPhone
		Release|iPhoneSimulator = Release|iPhoneSimulator
	EndGlobalSection
	GlobalSection(ProjectConfigurationPlatforms) = postSolution
		{03CB4422-A5BC-4E9B-8451-C9761A6EC679}.Debug|Any CPU.ActiveCfg = Debug|Any CPU
		{03CB4422-A5BC-4E9B-8451-C9761A6EC679}.Debug|Any CPU.Build.0 = Debug|Any CPU
		{03CB4422-A5BC-4E9B-8451-C9761A6EC679}.Debug|Any CPU.Deploy.0 = Debug|Any CPU
		{03CB4422-A5BC-4E9B-8451-C9761A6EC679}.Debug|iPhone.ActiveCfg = Debug|Any CPU
		{03CB4422-A5BC-4E9B-8451-C9761A6EC679}.Debug|iPhone.Build.0 = Debug|Any CPU
		{03CB4422-A5BC-4E9B-8451-C9761A6EC679}.Debug|iPhone.Deploy.0 = Debug|Any CPU
		{03CB4422-A5BC-4E9B-8451-C9761A6EC679}.Debug|iPhoneSimulator.ActiveCfg = Debug|Any CPU
		{03CB4422-A5BC-4E9B-8451-C9761A6EC679}.Debug|iPhoneSimulator.Build.0 = Debug|Any CPU
		{03CB4422-A5BC-4E9B-8451-C9761A6EC679}.Debug|iPhoneSimulator.Deploy.0 = Debug|Any CPU
		{03CB4422-A5BC-4E9B-8451-C9761A6EC679}.Release|Any CPU.ActiveCfg = Release|Any CPU
		{03CB4422-A5BC-4E9B-8451-C9761A6EC679}.Release|Any CPU.Build.0 = Release|Any CPU
		{03CB4422-A5BC-4E9B-8451-C9761A6EC679}.Release|Any CPU.Deploy.0 = Release|Any CPU
		{03CB4422-A5BC-4E9B-8451-C9761A6EC679}.Release|iPhone.ActiveCfg = Release|Any CPU
		{03CB4422-A5BC-4E9B-8451-C9761A6EC679}.Release|iPhone.Build.0 = Release|Any CPU
		{03CB4422-A5BC-4E9B-8451-C9761A6EC679}.Release|iPhone.Deploy.0 = Release|Any CPU
		{03CB4422-A5BC-4E9B-8451-C9761A6EC679}.Release|iPhoneSimulator.ActiveCfg = Release|Any CPU
		{03CB4422-A5BC-4E9B-8451-C9761A6EC679}.Release|iPhoneSimulator.Build.0 = Release|Any CPU
		{03CB4422-A5BC-4E9B-8451-C9761A6EC679}.Release|iPhoneSimulator.Deploy.0 = Release|Any CPU
		{3B356A7F-F0FB-4F84-A5D8-B5A7F577237F}.Debug|Any CPU.ActiveCfg = Debug|iPhone
		{3B356A7F-F0FB-4F84-A5D8-B5A7F577237F}.Debug|Any CPU.Build.0 = Debug|iPhone
		{3B356A7F-F0FB-4F84-A5D8-B5A7F577237F}.Debug|Any CPU.Deploy.0 = Debug|iPhone
		{3B356A7F-F0FB-4F84-A5D8-B5A7F577237F}.Debug|iPhone.ActiveCfg = Debug|iPhone
		{3B356A7F-F0FB-4F84-A5D8-B5A7F577237F}.Debug|iPhone.Build.0 = Debug|iPhone
		{3B356A7F-F0FB-4F84-A5D8-B5A7F577237F}.Debug|iPhone.Deploy.0 = Debug|iPhone
		{3B356A7F-F0FB-4F84-A5D8-B5A7F577237F}.Debug|iPhoneSimulator.ActiveCfg = Debug|iPhoneSimulator
		{3B356A7F-F0FB-4F84-A5D8-B5A7F577237F}.Debug|iPhoneSimulator.Build.0 = Debug|iPhoneSimulator
		{3B356A7F-F0FB-4F84-A5D8-B5A7F577237F}.Debug|iPhoneSimulator.Deploy.0 = Debug|iPhoneSimulator
		{3B356A7F-F0FB-4F84-A5D8-B5A7F577237F}.Release|Any CPU.ActiveCfg = Release|iPhoneSimulator
		{3B356A7F-F0FB-4F84-A5D8-B5A7F577237F}.Release|Any CPU.Build.0 = Release|iPhoneSimulator
		{3B356A7F-F0FB-4F84-A5D8-B5A7F577237F}.Release|Any CPU.Deploy.0 = Release|iPhoneSimulator
		{3B356A7F-F0FB-4F84-A5D8-B5A7F577237F}.Release|iPhone.ActiveCfg = Release|iPhone
		{3B356A7F-F0FB-4F84-A5D8-B5A7F577237F}.Release|iPhone.Build.0 = Release|iPhone
		{3B356A7F-F0FB-4F84-A5D8-B5A7F577237F}.Release|iPhone.Deploy.0 = Release|iPhone
		{3B356A7F-F0FB-4F84-A5D8-B5A7F577237F}.Release|iPhoneSimulator.ActiveCfg = Release|iPhoneSimulator
		{3B356A7F-F0FB-4F84-A5D8-B5A7F577237F}.Release|iPhoneSimulator.Build.0 = Release|iPhoneSimulator
		{3B356A7F-F0FB-4F84-A5D8-B5A7F577237F}.Release|iPhoneSimulator.Deploy.0 = Release|iPhoneSimulator
		{D0A7D0C4-C00D-4AAE-9C2D-C93EFF0C5F06}.Debug|Any CPU.ActiveCfg = Debug|Any CPU
		{D0A7D0C4-C00D-4AAE-9C2D-C93EFF0C5F06}.Debug|Any CPU.Build.0 = Debug|Any CPU
		{D0A7D0C4-C00D-4AAE-9C2D-C93EFF0C5F06}.Debug|Any CPU.Deploy.0 = Debug|Any CPU
		{D0A7D0C4-C00D-4AAE-9C2D-C93EFF0C5F06}.Debug|iPhone.ActiveCfg = Debug|Any CPU
		{D0A7D0C4-C00D-4AAE-9C2D-C93EFF0C5F06}.Debug|iPhone.Build.0 = Debug|Any CPU
		{D0A7D0C4-C00D-4AAE-9C2D-C93EFF0C5F06}.Debug|iPhone.Deploy.0 = Debug|Any CPU
		{D0A7D0C4-C00D-4AAE-9C2D-C93EFF0C5F06}.Debug|iPhoneSimulator.ActiveCfg = Debug|Any CPU
		{D0A7D0C4-C00D-4AAE-9C2D-C93EFF0C5F06}.Debug|iPhoneSimulator.Build.0 = Debug|Any CPU
		{D0A7D0C4-C00D-4AAE-9C2D-C93EFF0C5F06}.Debug|iPhoneSimulator.Deploy.0 = Debug|Any CPU
		{D0A7D0C4-C00D-4AAE-9C2D-C93EFF0C5F06}.Release|Any CPU.ActiveCfg = Release|Any CPU
		{D0A7D0C4-C00D-4AAE-9C2D-C93EFF0C5F06}.Release|Any CPU.Build.0 = Release|Any CPU
		{D0A7D0C4-C00D-4AAE-9C2D-C93EFF0C5F06}.Release|Any CPU.Deploy.0 = Release|Any CPU
		{D0A7D0C4-C00D-4AAE-9C2D-C93EFF0C5F06}.Release|iPhone.ActiveCfg = Release|Any CPU
		{D0A7D0C4-C00D-4AAE-9C2D-C93EFF0C5F06}.Release|iPhone.Build.0 = Release|Any CPU
		{D0A7D0C4-C00D-4AAE-9C2D-C93EFF0C5F06}.Release|iPhone.Deploy.0 = Release|Any CPU
		{D0A7D0C4-C00D-4AAE-9C2D-C93EFF0C5F06}.Release|iPhoneSimulator.ActiveCfg = Release|Any CPU
		{D0A7D0C4-C00D-4AAE-9C2D-C93EFF0C5F06}.Release|iPhoneSimulator.Build.0 = Release|Any CPU
		{D0A7D0C4-C00D-4AAE-9C2D-C93EFF0C5F06}.Release|iPhoneSimulator.Deploy.0 = Release|Any CPU
	EndGlobalSection
	GlobalSection(SolutionProperties) = preSolution
		HideSolutionNode = FALSE
	EndGlobalSection
	GlobalSection(ExtensibilityGlobals) = postSolution
		SolutionGuid = {0EFC6B5E-2C1D-4679-8D20-5608B17C4A65}
	EndGlobalSection
EndGlobal
